
Microsoft Visual Studio Solution File, Format Version 12.00
# Visual Studio 2013
VisualStudioVersion = 12.0.40629.0
MinimumVisualStudioVersion = 10.0.40219.1
Project("{8BC9CEB8-8B4A-11D0-8D11-00A0C91BC942}") = "chapter08", "chapter08.vcxproj", "{F770B8D5-4B73-4A9C-8481-F9A9F9DF7DCC}"
EndProject
Global
	GlobalSection(SolutionConfigurationPlatforms) = preSolution
		Debug|Win32 = Debug|Win32
		Release|Win32 = Release|Win32
	EndGlobalSection
	GlobalSection(ProjectConfigurationPlatforms) = postSolution
		{F770B8D5-4B73-4A9C-8481-F9A9F9DF7DCC}.Debug|Win32.ActiveCfg = Debug|Win32
		{F770B8D5-4B73-4A9C-8481-F9A9F9DF7DCC}.Debug|Win32.Build.0 = Debug|Win32
		{F770B8D5-4B73-4A9C-8481-F9A9F9DF7DCC}.Release|Win32.ActiveCfg = Release|Win32
		{F770B8D5-4B73-4A9C-8481-F9A9F9DF7DCC}.Release|Win32.Build.0 = Release|Win32
	EndGlobalSection
	GlobalSection(SolutionProperties) = preSolution
		HideSolutionNode = FALSE
	EndGlobalSection
EndGlobal
