
Microsoft Visual Studio Solution File, Format Version 12.00
# Visual Studio 2013
VisualStudioVersion = 12.0.40629.0
MinimumVisualStudioVersion = 10.0.40219.1
Project("{8BC9CEB8-8B4A-11D0-8D11-00A0C91BC942}") = "chapter21", "chapter21.vcxproj", "{2D3BD906-17ED-4AA8-AC7A-3468F8DC0AF9}"
EndProject
Global
	GlobalSection(SolutionConfigurationPlatforms) = preSolution
		Debug|Win32 = Debug|Win32
		Release|Win32 = Release|Win32
	EndGlobalSection
	GlobalSection(ProjectConfigurationPlatforms) = postSolution
		{2D3BD906-17ED-4AA8-AC7A-3468F8DC0AF9}.Debug|Win32.ActiveCfg = Debug|Win32
		{2D3BD906-17ED-4AA8-AC7A-3468F8DC0AF9}.Debug|Win32.Build.0 = Debug|Win32
		{2D3BD906-17ED-4AA8-AC7A-3468F8DC0AF9}.Release|Win32.ActiveCfg = Release|Win32
		{2D3BD906-17ED-4AA8-AC7A-3468F8DC0AF9}.Release|Win32.Build.0 = Release|Win32
	EndGlobalSection
	GlobalSection(SolutionProperties) = preSolution
		HideSolutionNode = FALSE
	EndGlobalSection
EndGlobal
